
Microsoft Visual Studio Solution File, Format Version 12.00
# Visual Studio Version 17
VisualStudioVersion = 17.1.32104.313
MinimumVisualStudioVersion = 10.0.40219.1
Project("{9A19103F-16F7-4668-BE54-9A1E7A4F7556}") = "XddCards.Server", "XddCards.Server\XddCards.Server.csproj", "{EADA95AC-C769-433F-9226-6E0FE6F8609E}"
EndProject
Project("{9A19103F-16F7-4668-BE54-9A1E7A4F7556}") = "XddCards.Protos", "XddCards.Protos\XddCards.Protos\XddCards.Protos.csproj", "{12AAB23D-B245-4B7F-8FCB-337C3D273A22}"
EndProject
Global
	GlobalSection(SolutionConfigurationPlatforms) = preSolution
		Debug|Any CPU = Debug|Any CPU
		Release|Any CPU = Release|Any CPU
	EndGlobalSection
	GlobalSection(ProjectConfigurationPlatforms) = postSolution
		{EADA95AC-C769-433F-9226-6E0FE6F8609E}.Debug|Any CPU.ActiveCfg = Debug|Any CPU
		{EADA95AC-C769-433F-9226-6E0FE6F8609E}.Debug|Any CPU.Build.0 = Debug|Any CPU
		{EADA95AC-C769-433F-9226-6E0FE6F8609E}.Release|Any CPU.ActiveCfg = Release|Any CPU
		{EADA95AC-C769-433F-9226-6E0FE6F8609E}.Release|Any CPU.Build.0 = Release|Any CPU
		{12AAB23D-B245-4B7F-8FCB-337C3D273A22}.Debug|Any CPU.ActiveCfg = Debug|Any CPU
		{12AAB23D-B245-4B7F-8FCB-337C3D273A22}.Debug|Any CPU.Build.0 = Debug|Any CPU
		{12AAB23D-B245-4B7F-8FCB-337C3D273A22}.Release|Any CPU.ActiveCfg = Release|Any CPU
		{12AAB23D-B245-4B7F-8FCB-337C3D273A22}.Release|Any CPU.Build.0 = Release|Any CPU
	EndGlobalSection
	GlobalSection(SolutionProperties) = preSolution
		HideSolutionNode = FALSE
	EndGlobalSection
	GlobalSection(ExtensibilityGlobals) = postSolution
		SolutionGuid = {3199987D-9399-459B-B901-103730313D95}
	EndGlobalSection
EndGlobal
